// !$*UTF8*$!
{
	archiveVersion = 1;
	classes = {
	};
	objectVersion = 77;
	objects = {

/* Begin PBXBuildFile section */
		574FFE6B2E168CD200997207 /* DesignSystem.framework in Frameworks */ = {isa = PBXBuildFile; fileRef = 574FFE6A2E168CB700997207 /* DesignSystem.framework */; };
		574FFE6C2E168CD200997207 /* DesignSystem.framework in Embed Frameworks */ = {isa = PBXBuildFile; fileRef = 574FFE6A2E168CB700997207 /* DesignSystem.framework */; settings = {ATTRIBUTES = (CodeSignOnCopy, RemoveHeadersOnCopy, ); }; };
		57588B452DD640C100DBD9A7 /* ReducerKit.framework in Frameworks */ = {isa = PBXBuildFile; fileRef = 57588B412DD63D9700DBD9A7 /* ReducerKit.framework */; };
		57588B462DD640C100DBD9A7 /* ReducerKit.framework in Embed Frameworks */ = {isa = PBXBuildFile; fileRef = 57588B412DD63D9700DBD9A7 /* ReducerKit.framework */; settings = {ATTRIBUTES = (CodeSignOnCopy, RemoveHeadersOnCopy, ); }; };
		57588CEC2DD9B66C00DBD9A7 /* AppDI.framework in Frameworks */ = {isa = PBXBuildFile; fileRef = 57588CE92DD9B4D600DBD9A7 /* AppDI.framework */; };
		57588CED2DD9B66C00DBD9A7 /* AppDI.framework in Embed Frameworks */ = {isa = PBXBuildFile; fileRef = 57588CE92DD9B4D600DBD9A7 /* AppDI.framework */; settings = {ATTRIBUTES = (CodeSignOnCopy, RemoveHeadersOnCopy, ); }; };
		57664F232DEEB2A100CA8D68 /* LinkMetadataKit.framework in Frameworks */ = {isa = PBXBuildFile; fileRef = 57664F1C2DEDCDCB00CA8D68 /* LinkMetadataKit.framework */; };
		57664F242DEEB2A100CA8D68 /* LinkMetadataKit.framework in Embed Frameworks */ = {isa = PBXBuildFile; fileRef = 57664F1C2DEDCDCB00CA8D68 /* LinkMetadataKit.framework */; settings = {ATTRIBUTES = (CodeSignOnCopy, RemoveHeadersOnCopy, ); }; };
		57664F252DEEB2A100CA8D68 /* LinkMetadataKitInterface.framework in Frameworks */ = {isa = PBXBuildFile; fileRef = 57664F1E2DEDCDCB00CA8D68 /* LinkMetadataKitInterface.framework */; };
		57664F262DEEB2A100CA8D68 /* LinkMetadataKitInterface.framework in Embed Frameworks */ = {isa = PBXBuildFile; fileRef = 57664F1E2DEDCDCB00CA8D68 /* LinkMetadataKitInterface.framework */; settings = {ATTRIBUTES = (CodeSignOnCopy, RemoveHeadersOnCopy, ); }; };
		577181C02E2D31AD00EAA0FD /* NetworkKit.framework in Frameworks */ = {isa = PBXBuildFile; fileRef = 577181BE2E2D31AD00EAA0FD /* NetworkKit.framework */; };
		577181C12E2D31AD00EAA0FD /* NetworkKit.framework in Embed Frameworks */ = {isa = PBXBuildFile; fileRef = 577181BE2E2D31AD00EAA0FD /* NetworkKit.framework */; settings = {ATTRIBUTES = (CodeSignOnCopy, RemoveHeadersOnCopy, ); }; };
		577181C22E2D31AD00EAA0FD /* NetworkKitInterface.framework in Frameworks */ = {isa = PBXBuildFile; fileRef = 577181BF2E2D31AD00EAA0FD /* NetworkKitInterface.framework */; };
		577181C32E2D31AD00EAA0FD /* NetworkKitInterface.framework in Embed Frameworks */ = {isa = PBXBuildFile; fileRef = 577181BF2E2D31AD00EAA0FD /* NetworkKitInterface.framework */; settings = {ATTRIBUTES = (CodeSignOnCopy, RemoveHeadersOnCopy, ); }; };
		57944D0C2DC52AEF00EF3D9A /* GoogleSignIn in Frameworks */ = {isa = PBXBuildFile; productRef = 57944D0B2DC52AEF00EF3D9A /* GoogleSignIn */; };
		57AC56A82DA5120600BA84BD /* Util.framework in Frameworks */ = {isa = PBXBuildFile; fileRef = 57AC56732DA511E900BA84BD /* Util.framework */; };
		57AC56A92DA5120600BA84BD /* Util.framework in Embed Frameworks */ = {isa = PBXBuildFile; fileRef = 57AC56732DA511E900BA84BD /* Util.framework */; settings = {ATTRIBUTES = (CodeSignOnCopy, RemoveHeadersOnCopy, ); }; };
		57B5F82E2DC08B400061F0DE /* FirebaseStorage in Frameworks */ = {isa = PBXBuildFile; productRef = 57B5F82D2DC08B400061F0DE /* FirebaseStorage */; };
		57E1F9852DA8F9B40033F30C /* FirebaseAuth in Frameworks */ = {isa = PBXBuildFile; productRef = 57E1F9842DA8F9B40033F30C /* FirebaseAuth */; };
		57E1F9872DA8F9B40033F30C /* FirebaseCore in Frameworks */ = {isa = PBXBuildFile; productRef = 57E1F9862DA8F9B40033F30C /* FirebaseCore */; };
		57E1F9892DA8F9B40033F30C /* FirebaseFirestore in Frameworks */ = {isa = PBXBuildFile; productRef = 57E1F9882DA8F9B40033F30C /* FirebaseFirestore */; };
/* End PBXBuildFile section */

/* Begin PBXContainerItemProxy section */
		574FFE692E168CB700997207 /* PBXContainerItemProxy */ = {
			isa = PBXContainerItemProxy;
			containerPortal = 57AC52EF2DA4FBC900BA84BD /* DesignSystem.xcodeproj */;
			proxyType = 2;
			remoteGlobalIDString = 57AC52E52DA4FBC800BA84BD;
			remoteInfo = DesignSystem;
		};
		57588B402DD63D9700DBD9A7 /* PBXContainerItemProxy */ = {
			isa = PBXContainerItemProxy;
			containerPortal = 57606D652DD63B14005EBE3D /* ReducerKit.xcodeproj */;
			proxyType = 2;
			remoteGlobalIDString = 57606D5B2DD63B14005EBE3D;
			remoteInfo = ReducerKit;
		};
		57588CE82DD9B4D600DBD9A7 /* PBXContainerItemProxy */ = {
			isa = PBXContainerItemProxy;
			containerPortal = 57588CE42DD9B4D500DBD9A7 /* AppDI.xcodeproj */;
			proxyType = 2;
			remoteGlobalIDString = 57588CDA2DD9B4D500DBD9A7;
			remoteInfo = AppDI;
		};
		57664F1B2DEDCDCB00CA8D68 /* PBXContainerItemProxy */ = {
			isa = PBXContainerItemProxy;
			containerPortal = 57AC53232DA4FC4900BA84BD /* LinkMetadataKit.xcodeproj */;
			proxyType = 2;
			remoteGlobalIDString = 57AC53192DA4FC4800BA84BD;
			remoteInfo = LinkMetadataKit;
		};
		57664F1D2DEDCDCB00CA8D68 /* PBXContainerItemProxy */ = {
			isa = PBXContainerItemProxy;
			containerPortal = 57AC53232DA4FC4900BA84BD /* LinkMetadataKit.xcodeproj */;
			proxyType = 2;
			remoteGlobalIDString = 57AC54A62DA503DE00BA84BD;
			remoteInfo = LinkMetadataKitInterface;
		};
		57664F6C2DF03A9000CA8D68 /* PBXContainerItemProxy */ = {
			isa = PBXContainerItemProxy;
			containerPortal = 57BFD8BB2DA4E19600648AD4 /* Project object */;
			proxyType = 1;
			remoteGlobalIDString = 57BFD8C22DA4E19600648AD4;
			remoteInfo = "Mark-In";
		};
		57AC56722DA511E900BA84BD /* PBXContainerItemProxy */ = {
			isa = PBXContainerItemProxy;
			containerPortal = 57AC53092DA4FC1800BA84BD /* Util.xcodeproj */;
			proxyType = 2;
			remoteGlobalIDString = 57AC52FF2DA4FC1800BA84BD;
			remoteInfo = Util;
		};
/* End PBXContainerItemProxy section */

/* Begin PBXCopyFilesBuildPhase section */
		57AC55452DA507EC00BA84BD /* Embed Frameworks */ = {
			isa = PBXCopyFilesBuildPhase;
			buildActionMask = 2147483647;
			dstPath = "";
			dstSubfolderSpec = 10;
			files = (
				57664F262DEEB2A100CA8D68 /* LinkMetadataKitInterface.framework in Embed Frameworks */,
				57AC56A92DA5120600BA84BD /* Util.framework in Embed Frameworks */,
				57664F242DEEB2A100CA8D68 /* LinkMetadataKit.framework in Embed Frameworks */,
				574FFE6C2E168CD200997207 /* DesignSystem.framework in Embed Frameworks */,
				577181C32E2D31AD00EAA0FD /* NetworkKitInterface.framework in Embed Frameworks */,
				57588CED2DD9B66C00DBD9A7 /* AppDI.framework in Embed Frameworks */,
				57588B462DD640C100DBD9A7 /* ReducerKit.framework in Embed Frameworks */,
				577181C12E2D31AD00EAA0FD /* NetworkKit.framework in Embed Frameworks */,
			);
			name = "Embed Frameworks";
			runOnlyForDeploymentPostprocessing = 0;
		};
/* End PBXCopyFilesBuildPhase section */

/* Begin PBXFileReference section */
		574F04C22E1BB15800997207 /* NetworkKit.xcodeproj */ = {isa = PBXFileReference; lastKnownFileType = "wrapper.pb-project"; name = NetworkKit.xcodeproj; path = NetworkKit/NetworkKit.xcodeproj; sourceTree = "<group>"; };
		57588CE42DD9B4D500DBD9A7 /* AppDI.xcodeproj */ = {isa = PBXFileReference; lastKnownFileType = "wrapper.pb-project"; name = AppDI.xcodeproj; path = AppDI/AppDI.xcodeproj; sourceTree = "<group>"; };
		57606D652DD63B14005EBE3D /* ReducerKit.xcodeproj */ = {isa = PBXFileReference; lastKnownFileType = "wrapper.pb-project"; name = ReducerKit.xcodeproj; path = ReducerKit/ReducerKit.xcodeproj; sourceTree = "<group>"; };
		57664F682DF03A9000CA8D68 /* Mark-In-Tests.xctest */ = {isa = PBXFileReference; explicitFileType = wrapper.cfbundle; includeInIndex = 0; path = "Mark-In-Tests.xctest"; sourceTree = BUILT_PRODUCTS_DIR; };
		577181BE2E2D31AD00EAA0FD /* NetworkKit.framework */ = {isa = PBXFileReference; explicitFileType = wrapper.framework; path = NetworkKit.framework; sourceTree = BUILT_PRODUCTS_DIR; };
		577181BF2E2D31AD00EAA0FD /* NetworkKitInterface.framework */ = {isa = PBXFileReference; explicitFileType = wrapper.framework; path = NetworkKitInterface.framework; sourceTree = BUILT_PRODUCTS_DIR; };
		57AC52EF2DA4FBC900BA84BD /* DesignSystem.xcodeproj */ = {isa = PBXFileReference; lastKnownFileType = "wrapper.pb-project"; name = DesignSystem.xcodeproj; path = DesignSystem/DesignSystem.xcodeproj; sourceTree = "<group>"; };
		57AC53092DA4FC1800BA84BD /* Util.xcodeproj */ = {isa = PBXFileReference; lastKnownFileType = "wrapper.pb-project"; name = Util.xcodeproj; path = Util/Util.xcodeproj; sourceTree = "<group>"; };
		57AC53232DA4FC4900BA84BD /* LinkMetadataKit.xcodeproj */ = {isa = PBXFileReference; lastKnownFileType = "wrapper.pb-project"; name = LinkMetadataKit.xcodeproj; path = LinkMetadataKit/LinkMetadataKit.xcodeproj; sourceTree = "<group>"; };
		57BFD8C32DA4E19600648AD4 /* Mark-In.app */ = {isa = PBXFileReference; explicitFileType = wrapper.application; includeInIndex = 0; path = "Mark-In.app"; sourceTree = BUILT_PRODUCTS_DIR; };
/* End PBXFileReference section */

/* Begin PBXFileSystemSynchronizedBuildFileExceptionSet section */
		57B7E0242DC3D44100D9225A /* Exceptions for "Mark-In" folder in "Mark-In" target */ = {
			isa = PBXFileSystemSynchronizedBuildFileExceptionSet;
			membershipExceptions = (
				Resources/Info.plist,
			);
			target = 57BFD8C22DA4E19600648AD4 /* Mark-In */;
		};
/* End PBXFileSystemSynchronizedBuildFileExceptionSet section */

/* Begin PBXFileSystemSynchronizedRootGroup section */
		57664F692DF03A9000CA8D68 /* Mark-In-Tests */ = {
			isa = PBXFileSystemSynchronizedRootGroup;
			path = "Mark-In-Tests";
			sourceTree = "<group>";
		};
		57BFD8C52DA4E19600648AD4 /* Mark-In */ = {
			isa = PBXFileSystemSynchronizedRootGroup;
			exceptions = (
				57B7E0242DC3D44100D9225A /* Exceptions for "Mark-In" folder in "Mark-In" target */,
			);
			path = "Mark-In";
			sourceTree = "<group>";
		};
/* End PBXFileSystemSynchronizedRootGroup section */

/* Begin PBXFrameworksBuildPhase section */
		57664F652DF03A9000CA8D68 /* Frameworks */ = {
			isa = PBXFrameworksBuildPhase;
			buildActionMask = 2147483647;
			files = (
			);
			runOnlyForDeploymentPostprocessing = 0;
		};
		57BFD8C02DA4E19600648AD4 /* Frameworks */ = {
			isa = PBXFrameworksBuildPhase;
			buildActionMask = 2147483647;
			files = (
				57AC56A82DA5120600BA84BD /* Util.framework in Frameworks */,
				57588CEC2DD9B66C00DBD9A7 /* AppDI.framework in Frameworks */,
				577181C02E2D31AD00EAA0FD /* NetworkKit.framework in Frameworks */,
				57664F232DEEB2A100CA8D68 /* LinkMetadataKit.framework in Frameworks */,
				577181C22E2D31AD00EAA0FD /* NetworkKitInterface.framework in Frameworks */,
				57944D0C2DC52AEF00EF3D9A /* GoogleSignIn in Frameworks */,
				57E1F9852DA8F9B40033F30C /* FirebaseAuth in Frameworks */,
				57664F252DEEB2A100CA8D68 /* LinkMetadataKitInterface.framework in Frameworks */,
				574FFE6B2E168CD200997207 /* DesignSystem.framework in Frameworks */,
				57E1F9872DA8F9B40033F30C /* FirebaseCore in Frameworks */,
				57588B452DD640C100DBD9A7 /* ReducerKit.framework in Frameworks */,
				57B5F82E2DC08B400061F0DE /* FirebaseStorage in Frameworks */,
				57E1F9892DA8F9B40033F30C /* FirebaseFirestore in Frameworks */,
			);
			runOnlyForDeploymentPostprocessing = 0;
		};
/* End PBXFrameworksBuildPhase section */

/* Begin PBXGroup section */
		574FFE662E168CB700997207 /* Products */ = {
			isa = PBXGroup;
			children = (
				574FFE6A2E168CB700997207 /* DesignSystem.framework */,
			);
			name = Products;
			sourceTree = "<group>";
		};
		57588A542DD63B5900DBD9A7 /* Products */ = {
			isa = PBXGroup;
			children = (
				57588B412DD63D9700DBD9A7 /* ReducerKit.framework */,
			);
			name = Products;
			sourceTree = "<group>";
		};
		57588CE52DD9B4D500DBD9A7 /* Products */ = {
			isa = PBXGroup;
			children = (
				57588CE92DD9B4D600DBD9A7 /* AppDI.framework */,
			);
			name = Products;
			sourceTree = "<group>";
		};
		577182E72E2E556B00EAA0FD /* Products */ = {
			isa = PBXGroup;
			children = (
			);
			name = Products;
			sourceTree = "<group>";
		};
		57985FAB2DDDC2CD00A383F2 /* Products */ = {
			isa = PBXGroup;
			children = (
				57664F1C2DEDCDCB00CA8D68 /* LinkMetadataKit.framework */,
				57664F1E2DEDCDCB00CA8D68 /* LinkMetadataKitInterface.framework */,
			);
			name = Products;
			sourceTree = "<group>";
		};
		57AC55422DA507EC00BA84BD /* Frameworks */ = {
			isa = PBXGroup;
			children = (
				577181BE2E2D31AD00EAA0FD /* NetworkKit.framework */,
				577181BF2E2D31AD00EAA0FD /* NetworkKitInterface.framework */,
			);
			name = Frameworks;
			sourceTree = "<group>";
		};
		57AC565F2DA511A900BA84BD /* Core */ = {
			isa = PBXGroup;
			children = (
				57588CE42DD9B4D500DBD9A7 /* AppDI.xcodeproj */,
				57AC53232DA4FC4900BA84BD /* LinkMetadataKit.xcodeproj */,
				574F04C22E1BB15800997207 /* NetworkKit.xcodeproj */,
				57606D652DD63B14005EBE3D /* ReducerKit.xcodeproj */,
			);
			path = Core;
			sourceTree = "<group>";
		};
		57AC56602DA511AF00BA84BD /* Shared */ = {
			isa = PBXGroup;
			children = (
				57AC52EF2DA4FBC900BA84BD /* DesignSystem.xcodeproj */,
				57AC53092DA4FC1800BA84BD /* Util.xcodeproj */,
			);
			path = Shared;
			sourceTree = "<group>";
		};
		57AC566F2DA511E900BA84BD /* Products */ = {
			isa = PBXGroup;
			children = (
				57AC56732DA511E900BA84BD /* Util.framework */,
			);
			name = Products;
			sourceTree = "<group>";
		};
		57BFD8BA2DA4E19600648AD4 = {
			isa = PBXGroup;
			children = (
				57AC56602DA511AF00BA84BD /* Shared */,
				57AC565F2DA511A900BA84BD /* Core */,
				57BFD8C52DA4E19600648AD4 /* Mark-In */,
				57664F692DF03A9000CA8D68 /* Mark-In-Tests */,
				57AC55422DA507EC00BA84BD /* Frameworks */,
				57BFD8C42DA4E19600648AD4 /* Products */,
			);
			indentWidth = 2;
			sourceTree = "<group>";
			tabWidth = 2;
		};
		57BFD8C42DA4E19600648AD4 /* Products */ = {
			isa = PBXGroup;
			children = (
				57BFD8C32DA4E19600648AD4 /* Mark-In.app */,
				57664F682DF03A9000CA8D68 /* Mark-In-Tests.xctest */,
			);
			name = Products;
			sourceTree = "<group>";
		};
/* End PBXGroup section */

/* Begin PBXNativeTarget section */
		57664F672DF03A9000CA8D68 /* Mark-In-Tests */ = {
			isa = PBXNativeTarget;
			buildConfigurationList = 57664F6E2DF03A9000CA8D68 /* Build configuration list for PBXNativeTarget "Mark-In-Tests" */;
			buildPhases = (
				57664F642DF03A9000CA8D68 /* Sources */,
				57664F652DF03A9000CA8D68 /* Frameworks */,
				57664F662DF03A9000CA8D68 /* Resources */,
			);
			buildRules = (
			);
			dependencies = (
				57664F6D2DF03A9000CA8D68 /* PBXTargetDependency */,
			);
			fileSystemSynchronizedGroups = (
				57664F692DF03A9000CA8D68 /* Mark-In-Tests */,
			);
			name = "Mark-In-Tests";
			packageProductDependencies = (
			);
			productName = "Mark-In-Tests";
			productReference = 57664F682DF03A9000CA8D68 /* Mark-In-Tests.xctest */;
			productType = "com.apple.product-type.bundle.unit-test";
		};
		57BFD8C22DA4E19600648AD4 /* Mark-In */ = {
			isa = PBXNativeTarget;
			buildConfigurationList = 57BFD8CF2DA4E19700648AD4 /* Build configuration list for PBXNativeTarget "Mark-In" */;
			buildPhases = (
				57BFD8BF2DA4E19600648AD4 /* Sources */,
				57BFD8C02DA4E19600648AD4 /* Frameworks */,
				57BFD8C12DA4E19600648AD4 /* Resources */,
				57AC55452DA507EC00BA84BD /* Embed Frameworks */,
			);
			buildRules = (
			);
			dependencies = (
			);
			fileSystemSynchronizedGroups = (
				57BFD8C52DA4E19600648AD4 /* Mark-In */,
			);
			name = "Mark-In";
			packageProductDependencies = (
				57E1F9842DA8F9B40033F30C /* FirebaseAuth */,
				57E1F9862DA8F9B40033F30C /* FirebaseCore */,
				57E1F9882DA8F9B40033F30C /* FirebaseFirestore */,
				57B5F82D2DC08B400061F0DE /* FirebaseStorage */,
				57944D0B2DC52AEF00EF3D9A /* GoogleSignIn */,
			);
			productName = "Mark-In";
			productReference = 57BFD8C32DA4E19600648AD4 /* Mark-In.app */;
			productType = "com.apple.product-type.application";
		};
/* End PBXNativeTarget section */

/* Begin PBXProject section */
		57BFD8BB2DA4E19600648AD4 /* Project object */ = {
			isa = PBXProject;
			attributes = {
				BuildIndependentTargetsInParallel = 1;
				LastSwiftUpdateCheck = 1640;
				LastUpgradeCheck = 1640;
				TargetAttributes = {
					57664F672DF03A9000CA8D68 = {
						CreatedOnToolsVersion = 16.4;
						TestTargetID = 57BFD8C22DA4E19600648AD4;
					};
					57BFD8C22DA4E19600648AD4 = {
						CreatedOnToolsVersion = 16.3;
					};
				};
			};
			buildConfigurationList = 57BFD8BE2DA4E19600648AD4 /* Build configuration list for PBXProject "Mark-In" */;
			developmentRegion = en;
			hasScannedForEncodings = 0;
			knownRegions = (
				en,
				Base,
			);
			mainGroup = 57BFD8BA2DA4E19600648AD4;
			minimizedProjectReferenceProxies = 1;
			packageReferences = (
				57E1F9832DA8F9B40033F30C /* XCRemoteSwiftPackageReference "firebase-ios-sdk" */,
				57944D0A2DC52AEF00EF3D9A /* XCRemoteSwiftPackageReference "GoogleSignIn-iOS" */,
			);
			preferredProjectObjectVersion = 77;
			productRefGroup = 57BFD8C42DA4E19600648AD4 /* Products */;
			projectDirPath = "";
			projectReferences = (
				{
					ProductGroup = 57588CE52DD9B4D500DBD9A7 /* Products */;
					ProjectRef = 57588CE42DD9B4D500DBD9A7 /* AppDI.xcodeproj */;
				},
				{
					ProductGroup = 574FFE662E168CB700997207 /* Products */;
					ProjectRef = 57AC52EF2DA4FBC900BA84BD /* DesignSystem.xcodeproj */;
				},
				{
					ProductGroup = 57985FAB2DDDC2CD00A383F2 /* Products */;
					ProjectRef = 57AC53232DA4FC4900BA84BD /* LinkMetadataKit.xcodeproj */;
				},
				{
					ProductGroup = 577182E72E2E556B00EAA0FD /* Products */;
					ProjectRef = 574F04C22E1BB15800997207 /* NetworkKit.xcodeproj */;
				},
				{
					ProductGroup = 57588A542DD63B5900DBD9A7 /* Products */;
					ProjectRef = 57606D652DD63B14005EBE3D /* ReducerKit.xcodeproj */;
				},
				{
					ProductGroup = 57AC566F2DA511E900BA84BD /* Products */;
					ProjectRef = 57AC53092DA4FC1800BA84BD /* Util.xcodeproj */;
				},
			);
			projectRoot = "";
			targets = (
				57BFD8C22DA4E19600648AD4 /* Mark-In */,
				57664F672DF03A9000CA8D68 /* Mark-In-Tests */,
			);
		};
/* End PBXProject section */

/* Begin PBXReferenceProxy section */
		574FFE6A2E168CB700997207 /* DesignSystem.framework */ = {
			isa = PBXReferenceProxy;
			fileType = wrapper.framework;
			path = DesignSystem.framework;
			remoteRef = 574FFE692E168CB700997207 /* PBXContainerItemProxy */;
			sourceTree = BUILT_PRODUCTS_DIR;
		};
		57588B412DD63D9700DBD9A7 /* ReducerKit.framework */ = {
			isa = PBXReferenceProxy;
			fileType = wrapper.framework;
			path = ReducerKit.framework;
			remoteRef = 57588B402DD63D9700DBD9A7 /* PBXContainerItemProxy */;
			sourceTree = BUILT_PRODUCTS_DIR;
		};
		57588CE92DD9B4D600DBD9A7 /* AppDI.framework */ = {
			isa = PBXReferenceProxy;
			fileType = wrapper.framework;
			path = AppDI.framework;
			remoteRef = 57588CE82DD9B4D600DBD9A7 /* PBXContainerItemProxy */;
			sourceTree = BUILT_PRODUCTS_DIR;
		};
		57664F1C2DEDCDCB00CA8D68 /* LinkMetadataKit.framework */ = {
			isa = PBXReferenceProxy;
			fileType = wrapper.framework;
			path = LinkMetadataKit.framework;
			remoteRef = 57664F1B2DEDCDCB00CA8D68 /* PBXContainerItemProxy */;
			sourceTree = BUILT_PRODUCTS_DIR;
		};
		57664F1E2DEDCDCB00CA8D68 /* LinkMetadataKitInterface.framework */ = {
			isa = PBXReferenceProxy;
			fileType = wrapper.framework;
			path = LinkMetadataKitInterface.framework;
			remoteRef = 57664F1D2DEDCDCB00CA8D68 /* PBXContainerItemProxy */;
			sourceTree = BUILT_PRODUCTS_DIR;
		};
		57AC56732DA511E900BA84BD /* Util.framework */ = {
			isa = PBXReferenceProxy;
			fileType = wrapper.framework;
			path = Util.framework;
			remoteRef = 57AC56722DA511E900BA84BD /* PBXContainerItemProxy */;
			sourceTree = BUILT_PRODUCTS_DIR;
		};
/* End PBXReferenceProxy section */

/* Begin PBXResourcesBuildPhase section */
		57664F662DF03A9000CA8D68 /* Resources */ = {
			isa = PBXResourcesBuildPhase;
			buildActionMask = 2147483647;
			files = (
			);
			runOnlyForDeploymentPostprocessing = 0;
		};
		57BFD8C12DA4E19600648AD4 /* Resources */ = {
			isa = PBXResourcesBuildPhase;
			buildActionMask = 2147483647;
			files = (
			);
			runOnlyForDeploymentPostprocessing = 0;
		};
/* End PBXResourcesBuildPhase section */

/* Begin PBXSourcesBuildPhase section */
		57664F642DF03A9000CA8D68 /* Sources */ = {
			isa = PBXSourcesBuildPhase;
			buildActionMask = 2147483647;
			files = (
			);
			runOnlyForDeploymentPostprocessing = 0;
		};
		57BFD8BF2DA4E19600648AD4 /* Sources */ = {
			isa = PBXSourcesBuildPhase;
			buildActionMask = 2147483647;
			files = (
			);
			runOnlyForDeploymentPostprocessing = 0;
		};
/* End PBXSourcesBuildPhase section */

/* Begin PBXTargetDependency section */
		57664F6D2DF03A9000CA8D68 /* PBXTargetDependency */ = {
			isa = PBXTargetDependency;
			target = 57BFD8C22DA4E19600648AD4 /* Mark-In */;
			targetProxy = 57664F6C2DF03A9000CA8D68 /* PBXContainerItemProxy */;
		};
/* End PBXTargetDependency section */

/* Begin XCBuildConfiguration section */
		57664F6F2DF03A9000CA8D68 /* Debug */ = {
			isa = XCBuildConfiguration;
			baseConfigurationReferenceAnchor = 57BFD8C52DA4E19600648AD4 /* Mark-In */;
			baseConfigurationReferenceRelativePath = Configuration/Debug.xcconfig;
			buildSettings = {
				BUNDLE_LOADER = "$(TEST_HOST)";
				CODE_SIGN_STYLE = Automatic;
				CURRENT_PROJECT_VERSION = 1;
				DEVELOPMENT_TEAM = 5DFZR8RCQR;
				GENERATE_INFOPLIST_FILE = YES;
				IPHONEOS_DEPLOYMENT_TARGET = 18.5;
				MACOSX_DEPLOYMENT_TARGET = 15.5;
				MARKETING_VERSION = 1.0;
				PRODUCT_BUNDLE_IDENTIFIER = "kr.co.ios.swift.apple.Mark-In-Tests";
				PRODUCT_NAME = "$(TARGET_NAME)";
				SDKROOT = auto;
				SUPPORTED_PLATFORMS = "iphoneos iphonesimulator macosx xros xrsimulator";
				SWIFT_EMIT_LOC_STRINGS = NO;
				SWIFT_VERSION = 5.0;
				TARGETED_DEVICE_FAMILY = "1,2,7";
				TEST_HOST = "$(BUILT_PRODUCTS_DIR)/Mark-In.app/$(BUNDLE_EXECUTABLE_FOLDER_PATH)/Mark-In";
				XROS_DEPLOYMENT_TARGET = 2.5;
			};
			name = Debug;
		};
		57664F702DF03A9000CA8D68 /* Release */ = {
			isa = XCBuildConfiguration;
			baseConfigurationReferenceAnchor = 57BFD8C52DA4E19600648AD4 /* Mark-In */;
			baseConfigurationReferenceRelativePath = Configuration/Release.xcconfig;
			buildSettings = {
				BUNDLE_LOADER = "$(TEST_HOST)";
				CODE_SIGN_STYLE = Automatic;
				CURRENT_PROJECT_VERSION = 1;
				DEVELOPMENT_TEAM = 5DFZR8RCQR;
				GENERATE_INFOPLIST_FILE = YES;
				IPHONEOS_DEPLOYMENT_TARGET = 18.5;
				MACOSX_DEPLOYMENT_TARGET = 15.5;
				MARKETING_VERSION = 1.0;
				PRODUCT_BUNDLE_IDENTIFIER = "kr.co.ios.swift.apple.Mark-In-Tests";
				PRODUCT_NAME = "$(TARGET_NAME)";
				SDKROOT = auto;
				SUPPORTED_PLATFORMS = "iphoneos iphonesimulator macosx xros xrsimulator";
				SWIFT_EMIT_LOC_STRINGS = NO;
				SWIFT_VERSION = 5.0;
				TARGETED_DEVICE_FAMILY = "1,2,7";
				TEST_HOST = "$(BUILT_PRODUCTS_DIR)/Mark-In.app/$(BUNDLE_EXECUTABLE_FOLDER_PATH)/Mark-In";
				XROS_DEPLOYMENT_TARGET = 2.5;
			};
			name = Release;
		};
		57BFD8CD2DA4E19700648AD4 /* Debug */ = {
			isa = XCBuildConfiguration;
			baseConfigurationReferenceAnchor = 57BFD8C52DA4E19600648AD4 /* Mark-In */;
			baseConfigurationReferenceRelativePath = Configuration/Debug.xcconfig;
			buildSettings = {
				ALWAYS_SEARCH_USER_PATHS = NO;
				ASSETCATALOG_COMPILER_GENERATE_SWIFT_ASSET_SYMBOL_EXTENSIONS = YES;
				CLANG_ANALYZER_NONNULL = YES;
				CLANG_ANALYZER_NUMBER_OBJECT_CONVERSION = YES_AGGRESSIVE;
				CLANG_CXX_LANGUAGE_STANDARD = "gnu++20";
				CLANG_ENABLE_MODULES = YES;
				CLANG_ENABLE_OBJC_ARC = YES;
				CLANG_ENABLE_OBJC_WEAK = YES;
				CLANG_WARN_BLOCK_CAPTURE_AUTORELEASING = YES;
				CLANG_WARN_BOOL_CONVERSION = YES;
				CLANG_WARN_COMMA = YES;
				CLANG_WARN_CONSTANT_CONVERSION = YES;
				CLANG_WARN_DEPRECATED_OBJC_IMPLEMENTATIONS = YES;
				CLANG_WARN_DIRECT_OBJC_ISA_USAGE = YES_ERROR;
				CLANG_WARN_DOCUMENTATION_COMMENTS = YES;
				CLANG_WARN_EMPTY_BODY = YES;
				CLANG_WARN_ENUM_CONVERSION = YES;
				CLANG_WARN_INFINITE_RECURSION = YES;
				CLANG_WARN_INT_CONVERSION = YES;
				CLANG_WARN_NON_LITERAL_NULL_CONVERSION = YES;
				CLANG_WARN_OBJC_IMPLICIT_RETAIN_SELF = YES;
				CLANG_WARN_OBJC_LITERAL_CONVERSION = YES;
				CLANG_WARN_OBJC_ROOT_CLASS = YES_ERROR;
				CLANG_WARN_QUOTED_INCLUDE_IN_FRAMEWORK_HEADER = YES;
				CLANG_WARN_RANGE_LOOP_ANALYSIS = YES;
				CLANG_WARN_STRICT_PROTOTYPES = YES;
				CLANG_WARN_SUSPICIOUS_MOVE = YES;
				CLANG_WARN_UNGUARDED_AVAILABILITY = YES_AGGRESSIVE;
				CLANG_WARN_UNREACHABLE_CODE = YES;
				CLANG_WARN__DUPLICATE_METHOD_MATCH = YES;
				COPY_PHASE_STRIP = NO;
				DEAD_CODE_STRIPPING = YES;
				DEBUG_INFORMATION_FORMAT = dwarf;
				DEVELOPMENT_TEAM = 5DFZR8RCQR;
				ENABLE_STRICT_OBJC_MSGSEND = YES;
				ENABLE_TESTABILITY = YES;
				ENABLE_USER_SCRIPT_SANDBOXING = YES;
				GCC_C_LANGUAGE_STANDARD = gnu17;
				GCC_DYNAMIC_NO_PIC = NO;
				GCC_NO_COMMON_BLOCKS = YES;
				GCC_OPTIMIZATION_LEVEL = 0;
				GCC_PREPROCESSOR_DEFINITIONS = (
					"DEBUG=1",
					"$(inherited)",
				);
				GCC_WARN_64_TO_32_BIT_CONVERSION = YES;
				GCC_WARN_ABOUT_RETURN_TYPE = YES_ERROR;
				GCC_WARN_UNDECLARED_SELECTOR = YES;
				GCC_WARN_UNINITIALIZED_AUTOS = YES_AGGRESSIVE;
				GCC_WARN_UNUSED_FUNCTION = YES;
				GCC_WARN_UNUSED_VARIABLE = YES;
				LOCALIZATION_PREFERS_STRING_CATALOGS = YES;
				MTL_ENABLE_DEBUG_INFO = INCLUDE_SOURCE;
				MTL_FAST_MATH = YES;
				ONLY_ACTIVE_ARCH = YES;
				SWIFT_ACTIVE_COMPILATION_CONDITIONS = "DEBUG $(inherited)";
				SWIFT_OPTIMIZATION_LEVEL = "-Onone";
			};
			name = Debug;
		};
		57BFD8CE2DA4E19700648AD4 /* Release */ = {
			isa = XCBuildConfiguration;
			baseConfigurationReferenceAnchor = 57BFD8C52DA4E19600648AD4 /* Mark-In */;
			baseConfigurationReferenceRelativePath = Configuration/Release.xcconfig;
			buildSettings = {
				ALWAYS_SEARCH_USER_PATHS = NO;
				ASSETCATALOG_COMPILER_GENERATE_SWIFT_ASSET_SYMBOL_EXTENSIONS = YES;
				CLANG_ANALYZER_NONNULL = YES;
				CLANG_ANALYZER_NUMBER_OBJECT_CONVERSION = YES_AGGRESSIVE;
				CLANG_CXX_LANGUAGE_STANDARD = "gnu++20";
				CLANG_ENABLE_MODULES = YES;
				CLANG_ENABLE_OBJC_ARC = YES;
				CLANG_ENABLE_OBJC_WEAK = YES;
				CLANG_WARN_BLOCK_CAPTURE_AUTORELEASING = YES;
				CLANG_WARN_BOOL_CONVERSION = YES;
				CLANG_WARN_COMMA = YES;
				CLANG_WARN_CONSTANT_CONVERSION = YES;
				CLANG_WARN_DEPRECATED_OBJC_IMPLEMENTATIONS = YES;
				CLANG_WARN_DIRECT_OBJC_ISA_USAGE = YES_ERROR;
				CLANG_WARN_DOCUMENTATION_COMMENTS = YES;
				CLANG_WARN_EMPTY_BODY = YES;
				CLANG_WARN_ENUM_CONVERSION = YES;
				CLANG_WARN_INFINITE_RECURSION = YES;
				CLANG_WARN_INT_CONVERSION = YES;
				CLANG_WARN_NON_LITERAL_NULL_CONVERSION = YES;
				CLANG_WARN_OBJC_IMPLICIT_RETAIN_SELF = YES;
				CLANG_WARN_OBJC_LITERAL_CONVERSION = YES;
				CLANG_WARN_OBJC_ROOT_CLASS = YES_ERROR;
				CLANG_WARN_QUOTED_INCLUDE_IN_FRAMEWORK_HEADER = YES;
				CLANG_WARN_RANGE_LOOP_ANALYSIS = YES;
				CLANG_WARN_STRICT_PROTOTYPES = YES;
				CLANG_WARN_SUSPICIOUS_MOVE = YES;
				CLANG_WARN_UNGUARDED_AVAILABILITY = YES_AGGRESSIVE;
				CLANG_WARN_UNREACHABLE_CODE = YES;
				CLANG_WARN__DUPLICATE_METHOD_MATCH = YES;
				COPY_PHASE_STRIP = NO;
				DEAD_CODE_STRIPPING = YES;
				DEBUG_INFORMATION_FORMAT = "dwarf-with-dsym";
				DEVELOPMENT_TEAM = 5DFZR8RCQR;
				ENABLE_NS_ASSERTIONS = NO;
				ENABLE_STRICT_OBJC_MSGSEND = YES;
				ENABLE_USER_SCRIPT_SANDBOXING = YES;
				GCC_C_LANGUAGE_STANDARD = gnu17;
				GCC_NO_COMMON_BLOCKS = YES;
				GCC_WARN_64_TO_32_BIT_CONVERSION = YES;
				GCC_WARN_ABOUT_RETURN_TYPE = YES_ERROR;
				GCC_WARN_UNDECLARED_SELECTOR = YES;
				GCC_WARN_UNINITIALIZED_AUTOS = YES_AGGRESSIVE;
				GCC_WARN_UNUSED_FUNCTION = YES;
				GCC_WARN_UNUSED_VARIABLE = YES;
				LOCALIZATION_PREFERS_STRING_CATALOGS = YES;
				MTL_ENABLE_DEBUG_INFO = NO;
				MTL_FAST_MATH = YES;
				SWIFT_COMPILATION_MODE = wholemodule;
			};
			name = Release;
		};
		57BFD8D02DA4E19700648AD4 /* Debug */ = {
			isa = XCBuildConfiguration;
			baseConfigurationReferenceAnchor = 57BFD8C52DA4E19600648AD4 /* Mark-In */;
			baseConfigurationReferenceRelativePath = Configuration/Debug.xcconfig;
			buildSettings = {
				ASSETCATALOG_COMPILER_APPICON_NAME = "AppIcon-Dev";
				ASSETCATALOG_COMPILER_GLOBAL_ACCENT_COLOR_NAME = AccentColor;
				CODE_SIGN_ENTITLEMENTS = "Mark-In/Resources/Mark_In.entitlements";
				CODE_SIGN_STYLE = Automatic;
				CURRENT_PROJECT_VERSION = 1;
				DEAD_CODE_STRIPPING = YES;
				DEVELOPMENT_TEAM = 5DFZR8RCQR;
				ENABLE_HARDENED_RUNTIME = YES;
				ENABLE_PREVIEWS = YES;
				GENERATE_INFOPLIST_FILE = YES;
				INFOPLIST_FILE = "Mark-In/Resources/Info.plist";
				INFOPLIST_KEY_CFBundleDisplayName = "[Dev] Mark-In";
				"INFOPLIST_KEY_UIApplicationSceneManifest_Generation[sdk=iphoneos*]" = YES;
				"INFOPLIST_KEY_UIApplicationSceneManifest_Generation[sdk=iphonesimulator*]" = YES;
				"INFOPLIST_KEY_UIApplicationSupportsIndirectInputEvents[sdk=iphoneos*]" = YES;
				"INFOPLIST_KEY_UIApplicationSupportsIndirectInputEvents[sdk=iphonesimulator*]" = YES;
				"INFOPLIST_KEY_UILaunchScreen_Generation[sdk=iphoneos*]" = YES;
				"INFOPLIST_KEY_UILaunchScreen_Generation[sdk=iphonesimulator*]" = YES;
				"INFOPLIST_KEY_UIStatusBarStyle[sdk=iphoneos*]" = UIStatusBarStyleDefault;
				"INFOPLIST_KEY_UIStatusBarStyle[sdk=iphonesimulator*]" = UIStatusBarStyleDefault;
				INFOPLIST_KEY_UISupportedInterfaceOrientations = UIInterfaceOrientationPortrait;
				INFOPLIST_KEY_UISupportedInterfaceOrientations_iPad = "UIInterfaceOrientationLandscapeLeft UIInterfaceOrientationLandscapeRight UIInterfaceOrientationPortrait UIInterfaceOrientationPortraitUpsideDown";
				IPHONEOS_DEPLOYMENT_TARGET = 17.0;
				LD_RUNPATH_SEARCH_PATHS = "@executable_path/Frameworks";
				"LD_RUNPATH_SEARCH_PATHS[sdk=macosx*]" = "@executable_path/../Frameworks";
				MACOSX_DEPLOYMENT_TARGET = 14.0;
				MARKETING_VERSION = 1.0;
				PRODUCT_BUNDLE_IDENTIFIER = "kr.co.ios.swift.apple.Mark-In.dev";
				PRODUCT_NAME = "$(TARGET_NAME)";
				REGISTER_APP_GROUPS = YES;
				SDKROOT = auto;
				SUPPORTED_PLATFORMS = "iphoneos iphonesimulator macosx xros xrsimulator";
				SWIFT_EMIT_LOC_STRINGS = YES;
				SWIFT_VERSION = 5.0;
				TARGETED_DEVICE_FAMILY = "1,2,7";
				XROS_DEPLOYMENT_TARGET = 2.0;
			};
			name = Debug;
		};
		57BFD8D12DA4E19700648AD4 /* Release */ = {
			isa = XCBuildConfiguration;
			baseConfigurationReferenceAnchor = 57BFD8C52DA4E19600648AD4 /* Mark-In */;
			baseConfigurationReferenceRelativePath = Configuration/Release.xcconfig;
			buildSettings = {
				ASSETCATALOG_COMPILER_APPICON_NAME = AppIcon;
				ASSETCATALOG_COMPILER_GLOBAL_ACCENT_COLOR_NAME = AccentColor;
				CODE_SIGN_ENTITLEMENTS = "Mark-In/Resources/Mark_In.entitlements";
				CODE_SIGN_STYLE = Automatic;
				CURRENT_PROJECT_VERSION = 1;
				DEAD_CODE_STRIPPING = YES;
				DEVELOPMENT_TEAM = 5DFZR8RCQR;
				ENABLE_HARDENED_RUNTIME = YES;
				ENABLE_PREVIEWS = YES;
				GENERATE_INFOPLIST_FILE = YES;
				INFOPLIST_FILE = "Mark-In/Resources/Info.plist";
				INFOPLIST_KEY_CFBundleDisplayName = "[Dev] Mark-In";
				"INFOPLIST_KEY_UIApplicationSceneManifest_Generation[sdk=iphoneos*]" = YES;
				"INFOPLIST_KEY_UIApplicationSceneManifest_Generation[sdk=iphonesimulator*]" = YES;
				"INFOPLIST_KEY_UIApplicationSupportsIndirectInputEvents[sdk=iphoneos*]" = YES;
				"INFOPLIST_KEY_UIApplicationSupportsIndirectInputEvents[sdk=iphonesimulator*]" = YES;
				"INFOPLIST_KEY_UILaunchScreen_Generation[sdk=iphoneos*]" = YES;
				"INFOPLIST_KEY_UILaunchScreen_Generation[sdk=iphonesimulator*]" = YES;
				"INFOPLIST_KEY_UIStatusBarStyle[sdk=iphoneos*]" = UIStatusBarStyleDefault;
				"INFOPLIST_KEY_UIStatusBarStyle[sdk=iphonesimulator*]" = UIStatusBarStyleDefault;
				INFOPLIST_KEY_UISupportedInterfaceOrientations = UIInterfaceOrientationPortrait;
				INFOPLIST_KEY_UISupportedInterfaceOrientations_iPad = "UIInterfaceOrientationLandscapeLeft UIInterfaceOrientationLandscapeRight UIInterfaceOrientationPortrait UIInterfaceOrientationPortraitUpsideDown";
				IPHONEOS_DEPLOYMENT_TARGET = 17.0;
				LD_RUNPATH_SEARCH_PATHS = "@executable_path/Frameworks";
				"LD_RUNPATH_SEARCH_PATHS[sdk=macosx*]" = "@executable_path/../Frameworks";
				MACOSX_DEPLOYMENT_TARGET = 14.0;
				MARKETING_VERSION = 1.0;
				PRODUCT_BUNDLE_IDENTIFIER = "kr.co.ios.swift.apple.Mark-In";
				PRODUCT_NAME = "$(BUNDLE_NAME_PREFIX)$(TARGET_NAME)";
				REGISTER_APP_GROUPS = YES;
				SDKROOT = auto;
				SUPPORTED_PLATFORMS = "iphoneos iphonesimulator macosx xros xrsimulator";
				SWIFT_EMIT_LOC_STRINGS = YES;
				SWIFT_VERSION = 5.0;
				TARGETED_DEVICE_FAMILY = "1,2,7";
				XROS_DEPLOYMENT_TARGET = 2.0;
			};
			name = Release;
		};
/* End XCBuildConfiguration section */

/* Begin XCConfigurationList section */
		57664F6E2DF03A9000CA8D68 /* Build configuration list for PBXNativeTarget "Mark-In-Tests" */ = {
			isa = XCConfigurationList;
			buildConfigurations = (
				57664F6F2DF03A9000CA8D68 /* Debug */,
				57664F702DF03A9000CA8D68 /* Release */,
			);
			defaultConfigurationIsVisible = 0;
			defaultConfigurationName = Release;
		};
		57BFD8BE2DA4E19600648AD4 /* Build configuration list for PBXProject "Mark-In" */ = {
			isa = XCConfigurationList;
			buildConfigurations = (
				57BFD8CD2DA4E19700648AD4 /* Debug */,
				57BFD8CE2DA4E19700648AD4 /* Release */,
			);
			defaultConfigurationIsVisible = 0;
			defaultConfigurationName = Release;
		};
		57BFD8CF2DA4E19700648AD4 /* Build configuration list for PBXNativeTarget "Mark-In" */ = {
			isa = XCConfigurationList;
			buildConfigurations = (
				57BFD8D02DA4E19700648AD4 /* Debug */,
				57BFD8D12DA4E19700648AD4 /* Release */,
			);
			defaultConfigurationIsVisible = 0;
			defaultConfigurationName = Release;
		};
/* End XCConfigurationList section */

/* Begin XCRemoteSwiftPackageReference section */
		57944D0A2DC52AEF00EF3D9A /* XCRemoteSwiftPackageReference "GoogleSignIn-iOS" */ = {
			isa = XCRemoteSwiftPackageReference;
			repositoryURL = "https://github.com/google/GoogleSignIn-iOS";
			requirement = {
				kind = exactVersion;
				version = 7.0.0;
			};
		};
		57E1F9832DA8F9B40033F30C /* XCRemoteSwiftPackageReference "firebase-ios-sdk" */ = {
			isa = XCRemoteSwiftPackageReference;
			repositoryURL = "https://github.com/firebase/firebase-ios-sdk";
			requirement = {
				kind = upToNextMajorVersion;
				minimumVersion = 11.11.0;
			};
		};
/* End XCRemoteSwiftPackageReference section */

/* Begin XCSwiftPackageProductDependency section */
		57944D0B2DC52AEF00EF3D9A /* GoogleSignIn */ = {
			isa = XCSwiftPackageProductDependency;
			package = 57944D0A2DC52AEF00EF3D9A /* XCRemoteSwiftPackageReference "GoogleSignIn-iOS" */;
			productName = GoogleSignIn;
		};
		57B5F82D2DC08B400061F0DE /* FirebaseStorage */ = {
			isa = XCSwiftPackageProductDependency;
			package = 57E1F9832DA8F9B40033F30C /* XCRemoteSwiftPackageReference "firebase-ios-sdk" */;
			productName = FirebaseStorage;
		};
		57E1F9842DA8F9B40033F30C /* FirebaseAuth */ = {
			isa = XCSwiftPackageProductDependency;
			package = 57E1F9832DA8F9B40033F30C /* XCRemoteSwiftPackageReference "firebase-ios-sdk" */;
			productName = FirebaseAuth;
		};
		57E1F9862DA8F9B40033F30C /* FirebaseCore */ = {
			isa = XCSwiftPackageProductDependency;
			package = 57E1F9832DA8F9B40033F30C /* XCRemoteSwiftPackageReference "firebase-ios-sdk" */;
			productName = FirebaseCore;
		};
		57E1F9882DA8F9B40033F30C /* FirebaseFirestore */ = {
			isa = XCSwiftPackageProductDependency;
			package = 57E1F9832DA8F9B40033F30C /* XCRemoteSwiftPackageReference "firebase-ios-sdk" */;
			productName = FirebaseFirestore;
		};
/* End XCSwiftPackageProductDependency section */
	};
	rootObject = 57BFD8BB2DA4E19600648AD4 /* Project object */;
}
